[[package]]
name = "aiohttp"
version = "3.8.5"
description = "Async http client/server framework (asyncio)"
category = "main"
optional = false
python-versions = ">=3.6"

[package.dependencies]
aiosignal = ">=1.1.2"
async-timeout = ">=4.0.0a3,<5.0"
attrs = ">=17.3.0"
charset-normalizer = ">=2.0,<4.0"
frozenlist = ">=1.1.1"
multidict = ">=4.5,<7.0"
yarl = ">=1.0,<2.0"

[package.extras]
speedups = ["aiodns", "brotli", "cchardet"]

[[package]]
name = "aiosignal"
version = "1.3.1"
description = "aiosignal: a list of registered asynchronous callbacks"
category = "main"
optional = false
python-versions = ">=3.7"

[package.dependencies]
frozenlist = ">=1.1.0"

[[package]]
name = "altair"
version = "5.1.1"
description = "Vega-Altair: A declarative statistical visualization library for Python."
category = "main"
optional = false
python-versions = ">=3.8"

[package.dependencies]
jinja2 = "*"
jsonschema = ">=3.0"
numpy = "*"
packaging = "*"
pandas = ">=0.25"
toolz = "*"
typing-extensions = {version = ">=4.0.1", markers = "python_version < \"3.11\""}

[package.extras]
dev = ["anywidget", "black (<24)", "hatch", "ipython", "m2r", "mypy", "pandas-stubs", "pyarrow (>=11)", "pytest", "pytest-cov", "ruff", "types-jsonschema", "types-setuptools", "vega-datasets", "vegafusion[embed] (>=1.4.0)", "vl-convert-python (>=0.13.0)"]
doc = ["docutils", "geopandas", "jinja2", "myst-parser", "numpydoc", "pillow (>=9,<10)", "pydata-sphinx-theme", "sphinx", "sphinx-copybutton", "sphinx-design", "sphinxext-altair"]

[[package]]
name = "annotated-types"
version = "0.5.0"
description = "Reusable constraint types to use with typing.Annotated"
category = "main"
optional = false
python-versions = ">=3.7"

[[package]]
name = "appnope"
version = "0.1.3"
description = "Disable App Nap on macOS >= 10.9"
category = "dev"
optional = false
python-versions = "*"

[[package]]
name = "asn1crypto"
version = "1.5.1"
description = "Fast ASN.1 parser and serializer with definitions for private keys, public keys, certificates, CRL, OCSP, CMS, PKCS#3, PKCS#7, PKCS#8, PKCS#12, PKCS#5, X.509 and TSP"
category = "main"
optional = false
python-versions = "*"

[[package]]
name = "asttokens"
version = "2.4.0"
description = "Annotate AST trees with source code positions"
category = "dev"
optional = false
python-versions = "*"

[package.dependencies]
six = ">=1.12.0"

[package.extras]
test = ["astroid", "pytest"]

[[package]]
name = "async-timeout"
version = "4.0.3"
description = "Timeout context manager for asyncio programs"
category = "main"
optional = false
python-versions = ">=3.7"

[[package]]
name = "attrs"
version = "23.1.0"
description = "Classes Without Boilerplate"
category = "main"
optional = false
python-versions = ">=3.7"

[package.extras]
cov = ["attrs", "coverage[toml] (>=5.3)"]
dev = ["attrs", "pre-commit"]
docs = ["furo", "myst-parser", "sphinx", "sphinx-notfound-page", "sphinxcontrib-towncrier", "towncrier", "zope-interface"]
tests = ["attrs", "zope-interface"]
tests-no-zope = ["cloudpickle", "hypothesis", "mypy (>=1.1.1)", "pympler", "pytest-mypy-plugins", "pytest-xdist", "pytest (>=4.3.0)"]

[[package]]
name = "backcall"
version = "0.2.0"
description = "Specifications for callback functions passed in to an API"
category = "dev"
optional = false
python-versions = "*"

[[package]]
name = "blinker"
version = "1.6.2"
description = "Fast, simple object-to-object and broadcast signaling"
category = "main"
optional = false
python-versions = ">=3.7"

[[package]]
name = "cachetools"
version = "5.3.1"
description = "Extensible memoizing collections and decorators"
category = "main"
optional = false
python-versions = ">=3.7"

[[package]]
name = "certifi"
version = "2023.7.22"
description = "Python package for providing Mozilla's CA Bundle."
category = "main"
optional = false
python-versions = ">=3.6"

[[package]]
name = "cffi"
version = "1.16.0"
description = "Foreign Function Interface for Python calling C code."
category = "main"
optional = false
python-versions = ">=3.8"

[package.dependencies]
pycparser = "*"

[[package]]
name = "charset-normalizer"
version = "2.1.1"
description = "The Real First Universal Charset Detector. Open, modern and actively maintained alternative to Chardet."
category = "main"
optional = false
python-versions = ">=3.6.0"

[package.extras]
unicode_backport = ["unicodedata2"]

[[package]]
name = "click"
version = "8.1.7"
description = "Composable command line interface toolkit"
category = "main"
optional = false
python-versions = ">=3.7"

[package.dependencies]
colorama = {version = "*", markers = "platform_system == \"Windows\""}

[[package]]
name = "colorama"
version = "0.4.6"
description = "Cross-platform colored terminal text."
category = "main"
optional = false
python-versions = "!=3.0.*,!=3.1.*,!=3.2.*,!=3.3.*,!=3.4.*,!=3.5.*,!=3.6.*,>=2.7"

[[package]]
name = "contourpy"
version = "1.2.0"
description = "Python library for calculating contours of 2D quadrilateral grids"
category = "main"
optional = false
python-versions = ">=3.9"

[package.dependencies]
numpy = ">=1.20,<2.0"

[package.extras]
docs = ["furo", "sphinx (>=7.2)", "sphinx-copybutton"]
bokeh = ["bokeh", "selenium"]
mypy = ["contourpy", "docutils-stubs", "mypy (==1.6.1)", "types-pillow"]
test = ["contourpy", "matplotlib", "pillow"]
test-no-images = ["pytest", "pytest-cov", "pytest-xdist", "wurlitzer"]

[[package]]
name = "cryptography"
version = "40.0.2"
description = "cryptography is a package which provides cryptographic recipes and primitives to Python developers."
category = "main"
optional = false
python-versions = ">=3.6"

[package.dependencies]
cffi = ">=1.12"

[package.extras]
docs = ["sphinx (>=5.3.0)", "sphinx-rtd-theme (>=1.1.1)"]
docstest = ["pyenchant (>=1.6.11)", "twine (>=1.12.0)", "sphinxcontrib-spelling (>=4.0.1)"]
pep8test = ["black", "ruff", "mypy", "check-manifest"]
sdist = ["setuptools-rust (>=0.11.4)"]
ssh = ["bcrypt (>=3.1.5)"]
test = ["pytest (>=6.2.0)", "pytest-shard (>=0.1.2)", "pytest-benchmark", "pytest-cov", "pytest-subtests", "pytest-xdist", "pretend", "iso8601"]
test-randomorder = ["pytest-randomly"]
tox = ["tox"]

[[package]]
name = "cycler"
version = "0.12.0"
description = "Composable style cycles"
category = "main"
optional = false
python-versions = ">=3.8"

[package.extras]
docs = ["ipython", "matplotlib", "numpydoc", "sphinx"]
tests = ["pytest", "pytest-cov", "pytest-xdist"]

[[package]]
name = "decorator"
version = "5.1.1"
description = "Decorators for Humans"
category = "dev"
optional = false
python-versions = ">=3.5"

[[package]]
name = "et-xmlfile"
version = "1.1.0"
description = "An implementation of lxml.xmlfile for the standard library"
category = "main"
optional = false
python-versions = ">=3.6"

[[package]]
name = "exceptiongroup"
version = "1.1.3"
description = "Backport of PEP 654 (exception groups)"
category = "dev"
optional = false
python-versions = ">=3.7"

[package.extras]
test = ["pytest (>=6)"]

[[package]]
name = "executing"
version = "2.0.0"
description = "Get the currently executing AST node of a frame, and other information"
category = "dev"
optional = false
python-versions = "*"

[package.extras]
tests = ["asttokens (>=2.1.0)", "ipython", "pytest", "coverage", "coverage-enable-subprocess", "littleutils", "rich"]

[[package]]
name = "filelock"
version = "3.12.4"
description = "A platform independent file lock."
category = "main"
optional = false
python-versions = ">=3.8"

[package.extras]
docs = ["furo (>=2023.7.26)", "sphinx-autodoc-typehints (>=1.24)", "sphinx (>=7.1.2)"]
testing = ["covdefaults (>=2.3)", "coverage (>=7.3)", "diff-cover (>=7.7)", "pytest-cov (>=4.1)", "pytest-mock (>=3.11.1)", "pytest-timeout (>=2.1)", "pytest (>=7.4)"]
typing = ["typing-extensions (>=4.7.1)"]

[[package]]
name = "fonttools"
version = "4.43.0"
description = "Tools to manipulate font files"
category = "main"
optional = false
python-versions = ">=3.8"

[package.extras]
all = ["fs (>=2.2.0,<3)", "lxml (>=4.0,<5)", "zopfli (>=0.1.4)", "lz4 (>=1.7.4.2)", "matplotlib", "sympy", "skia-pathops (>=0.5.0)", "uharfbuzz (>=0.23.0)", "brotlicffi (>=0.8.0)", "scipy", "brotli (>=1.0.1)", "munkres", "unicodedata2 (>=15.0.0)", "xattr"]
graphite = ["lz4 (>=1.7.4.2)"]
interpolatable = ["scipy", "munkres"]
lxml = ["lxml (>=4.0,<5)"]
pathops = ["skia-pathops (>=0.5.0)"]
plot = ["matplotlib"]
repacker = ["uharfbuzz (>=0.23.0)"]
symfont = ["sympy"]
type1 = ["xattr"]
ufo = ["fs (>=2.2.0,<3)"]
unicode = ["unicodedata2 (>=15.0.0)"]
woff = ["zopfli (>=0.1.4)", "brotlicffi (>=0.8.0)", "brotli (>=1.0.1)"]

[[package]]
name = "frozenlist"
version = "1.4.0"
description = "A list-like structure which implements collections.abc.MutableSequence"
category = "main"
optional = false
python-versions = ">=3.8"

[[package]]
name = "gitdb"
version = "4.0.10"
description = "Git Object Database"
category = "main"
optional = false
python-versions = ">=3.7"

[package.dependencies]
smmap = ">=3.0.1,<6"

[[package]]
name = "gitpython"
version = "3.1.37"
description = "GitPython is a Python library used to interact with Git repositories"
category = "main"
optional = false
python-versions = ">=3.7"

[package.dependencies]
gitdb = ">=4.0.1,<5"

[package.extras]
test = ["black", "coverage", "ddt (>=1.1.1,!=1.4.3)", "mypy", "pre-commit", "pytest", "pytest-cov", "pytest-sugar"]

[[package]]
name = "idna"
version = "3.4"
description = "Internationalized Domain Names in Applications (IDNA)"
category = "main"
optional = false
python-versions = ">=3.5"

[[package]]
name = "importlib-metadata"
version = "6.8.0"
description = "Read metadata from Python packages"
category = "main"
optional = false
python-versions = ">=3.8"

[package.dependencies]
zipp = ">=0.5"

[package.extras]
docs = ["sphinx (>=3.5)", "jaraco.packaging (>=9)", "rst.linker (>=1.9)", "furo", "sphinx-lint", "jaraco.tidelift (>=1.4)"]
perf = ["ipython"]
testing = ["pytest (>=6)", "pytest-checkdocs (>=2.4)", "pytest-cov", "pytest-enabler (>=2.2)", "pytest-ruff", "packaging", "pyfakefs", "flufl.flake8", "pytest-perf (>=0.9.2)", "pytest-black (>=0.3.7)", "pytest-mypy (>=0.9.1)", "importlib-resources (>=1.3)"]

[[package]]
name = "iniconfig"
version = "2.0.0"
description = "brain-dead simple config-ini parsing"
category = "dev"
optional = false
python-versions = ">=3.7"

[[package]]
name = "ipython"
version = "8.16.0"
description = "IPython: Productive Interactive Computing"
category = "dev"
optional = false
python-versions = ">=3.9"

[package.dependencies]
appnope = {version = "*", markers = "sys_platform == \"darwin\""}
backcall = "*"
colorama = {version = "*", markers = "sys_platform == \"win32\""}
decorator = "*"
exceptiongroup = {version = "*", markers = "python_version < \"3.11\""}
jedi = ">=0.16"
matplotlib-inline = "*"
pexpect = {version = ">4.3", markers = "sys_platform != \"win32\""}
pickleshare = "*"
prompt-toolkit = ">=3.0.30,<3.0.37 || >3.0.37,<3.1.0"
pygments = ">=2.4.0"
stack-data = "*"
traitlets = ">=5"

[package.extras]
all = ["black", "ipykernel", "setuptools (>=18.5)", "sphinx (>=1.3)", "sphinx-rtd-theme", "docrepr", "matplotlib", "stack-data", "pytest (<7)", "typing-extensions", "exceptiongroup", "pytest (<7.1)", "pytest-asyncio", "testpath", "nbconvert", "nbformat", "ipywidgets", "notebook", "ipyparallel", "qtconsole", "curio", "matplotlib (!=3.2.0)", "numpy (>=1.21)", "pandas", "trio"]
black = ["black"]
doc = ["ipykernel", "setuptools (>=18.5)", "sphinx (>=1.3)", "sphinx-rtd-theme", "docrepr", "matplotlib", "stack-data", "pytest (<7)", "typing-extensions", "exceptiongroup", "pytest (<7.1)", "pytest-asyncio", "testpath"]
kernel = ["ipykernel"]
nbconvert = ["nbconvert"]
nbformat = ["nbformat"]
notebook = ["ipywidgets", "notebook"]
parallel = ["ipyparallel"]
qtconsole = ["qtconsole"]
test = ["pytest (<7.1)", "pytest-asyncio", "testpath"]
test_extra = ["pytest (<7.1)", "pytest-asyncio", "testpath", "curio", "matplotlib (!=3.2.0)", "nbformat", "numpy (>=1.21)", "pandas", "trio"]

[[package]]
name = "jedi"
version = "0.19.0"
description = "An autocompletion tool for Python that can be used for text editors."
category = "dev"
optional = false
python-versions = ">=3.6"

[package.dependencies]
parso = ">=0.8.3,<0.9.0"

[package.extras]
docs = ["Jinja2 (==2.11.3)", "MarkupSafe (==1.1.1)", "Pygments (==2.8.1)", "alabaster (==0.7.12)", "babel (==2.9.1)", "chardet (==4.0.0)", "commonmark (==0.8.1)", "docutils (==0.17.1)", "future (==0.18.2)", "idna (==2.10)", "imagesize (==1.2.0)", "mock (==1.0.1)", "packaging (==20.9)", "pyparsing (==2.4.7)", "pytz (==2021.1)", "readthedocs-sphinx-ext (==2.1.4)", "recommonmark (==0.5.0)", "requests (==2.25.1)", "six (==1.15.0)", "snowballstemmer (==2.1.0)", "sphinx-rtd-theme (==0.4.3)", "sphinx (==1.8.5)", "sphinxcontrib-serializinghtml (==1.1.4)", "sphinxcontrib-websupport (==1.2.4)", "urllib3 (==1.26.4)"]
qa = ["flake8 (==5.0.4)", "mypy (==0.971)", "types-setuptools (==67.2.0.1)"]
testing = ["Django (<3.1)", "attrs", "colorama", "docopt", "pytest (<7.0.0)"]

[[package]]
name = "jinja2"
version = "3.1.2"
description = "A very fast and expressive template engine."
category = "main"
optional = false
python-versions = ">=3.7"

[package.dependencies]
MarkupSafe = ">=2.0"

[package.extras]
i18n = ["Babel (>=2.7)"]

[[package]]
name = "joblib"
version = "1.3.2"
description = "Lightweight pipelining with Python functions"
category = "main"
optional = false
python-versions = ">=3.7"

[[package]]
name = "jsonschema"
version = "4.19.1"
description = "An implementation of JSON Schema validation for Python"
category = "main"
optional = false
python-versions = ">=3.8"

[package.dependencies]
attrs = ">=22.2.0"
jsonschema-specifications = ">=2023.03.6"
referencing = ">=0.28.4"
rpds-py = ">=0.7.1"

[package.extras]
format = ["fqdn", "idna", "isoduration", "jsonpointer (>1.13)", "rfc3339-validator", "rfc3987", "uri-template", "webcolors (>=1.11)"]
format-nongpl = ["fqdn", "idna", "isoduration", "jsonpointer (>1.13)", "rfc3339-validator", "rfc3986-validator (>0.1.0)", "uri-template", "webcolors (>=1.11)"]

[[package]]
name = "jsonschema-specifications"
version = "2023.7.1"
description = "The JSON Schema meta-schemas and vocabularies, exposed as a Registry"
category = "main"
optional = false
python-versions = ">=3.8"

[package.dependencies]
referencing = ">=0.28.0"

[[package]]
name = "kiwisolver"
version = "1.4.5"
description = "A fast implementation of the Cassowary constraint solver"
category = "main"
optional = false
python-versions = ">=3.7"

[[package]]
name = "markdown-it-py"
version = "3.0.0"
description = "Python port of markdown-it. Markdown parsing, done right!"
category = "main"
optional = false
python-versions = ">=3.8"

[package.dependencies]
mdurl = ">=0.1,<1.0"

[package.extras]
benchmarking = ["psutil", "pytest", "pytest-benchmark"]
code_style = ["pre-commit (>=3.0,<4.0)"]
compare = ["commonmark (>=0.9,<1.0)", "markdown (>=3.4,<4.0)", "mistletoe (>=1.0,<2.0)", "mistune (>=2.0,<3.0)", "panflute (>=2.3,<3.0)"]
linkify = ["linkify-it-py (>=1,<3)"]
plugins = ["mdit-py-plugins"]
profiling = ["gprof2dot"]
rtd = ["mdit-py-plugins", "myst-parser", "pyyaml", "sphinx", "sphinx-copybutton", "sphinx-design", "sphinx-book-theme", "jupyter-sphinx"]
testing = ["coverage", "pytest", "pytest-cov", "pytest-regressions"]

[[package]]
name = "markupsafe"
version = "2.1.3"
description = "Safely add untrusted strings to HTML/XML markup."
category = "main"
optional = false
python-versions = ">=3.7"

[[package]]
name = "matplotlib"
version = "3.8.0"
description = "Python plotting package"
category = "main"
optional = false
python-versions = ">=3.9"

[package.dependencies]
contourpy = ">=1.0.1"
cycler = ">=0.10"
fonttools = ">=4.22.0"
kiwisolver = ">=1.0.1"
numpy = ">=1.21,<2"
packaging = ">=20.0"
pillow = ">=6.2.0"
pyparsing = ">=2.3.1"
python-dateutil = ">=2.7"
setuptools_scm = ">=7"

[[package]]
name = "matplotlib-inline"
version = "0.1.6"
description = "Inline Matplotlib backend for Jupyter"
category = "dev"
optional = false
python-versions = ">=3.5"

[package.dependencies]
traitlets = "*"

[[package]]
name = "mdurl"
version = "0.1.2"
description = "Markdown URL utilities"
category = "main"
optional = false
python-versions = ">=3.7"

[[package]]
name = "multidict"
version = "6.0.4"
description = "multidict implementation"
category = "main"
optional = false
python-versions = ">=3.7"

[[package]]
name = "numpy"
version = "1.25.0"
description = "Fundamental package for array computing in Python"
category = "main"
optional = false
python-versions = ">=3.9"

[[package]]
name = "openai"
version = "0.28.1"
description = "Python client library for the OpenAI API"
category = "main"
optional = false
python-versions = ">=3.7.1"

[package.dependencies]
aiohttp = "*"
matplotlib = {version = "*", optional = true, markers = "extra == \"embeddings\""}
numpy = {version = "*", optional = true, markers = "extra == \"embeddings\""}
openpyxl = {version = ">=3.0.7", optional = true, markers = "extra == \"embeddings\""}
pandas = {version = ">=1.2.3", optional = true, markers = "extra == \"embeddings\""}
pandas-stubs = {version = ">=1.1.0.11", optional = true, markers = "extra == \"embeddings\""}
plotly = {version = "*", optional = true, markers = "extra == \"embeddings\""}
requests = ">=2.20"
scikit-learn = {version = ">=1.0.2", optional = true, markers = "extra == \"embeddings\""}
scipy = {version = "*", optional = true, markers = "extra == \"embeddings\""}
tenacity = {version = ">=8.0.1", optional = true, markers = "extra == \"embeddings\""}
tqdm = "*"

[package.extras]
datalib = ["numpy", "pandas (>=1.2.3)", "pandas-stubs (>=1.1.0.11)", "openpyxl (>=3.0.7)"]
dev = ["black (>=21.6b0,<22.0.0)", "pytest (>=6.0.0,<7.0.0)", "pytest-asyncio", "pytest-mock"]
embeddings = ["scikit-learn (>=1.0.2)", "tenacity (>=8.0.1)", "matplotlib", "plotly", "numpy", "scipy", "pandas (>=1.2.3)", "pandas-stubs (>=1.1.0.11)", "openpyxl (>=3.0.7)"]
wandb = ["wandb", "numpy", "pandas (>=1.2.3)", "pandas-stubs (>=1.1.0.11)", "openpyxl (>=3.0.7)"]

[[package]]
name = "openpyxl"
version = "3.1.2"
description = "A Python library to read/write Excel 2010 xlsx/xlsm files"
category = "main"
optional = false
python-versions = ">=3.6"

[package.dependencies]
et-xmlfile = "*"

[[package]]
name = "oscrypto"
version = "1.3.0"
description = "TLS (SSL) sockets, key generation, encryption, decryption, signing, verification and KDFs using the OS crypto libraries. Does not require a compiler, and relies on the OS for patching. Works on Windows, OS X and Linux/BSD."
category = "main"
optional = false
python-versions = "*"

[package.dependencies]
asn1crypto = ">=1.5.1"

[[package]]
name = "packaging"
version = "23.2"
description = "Core utilities for Python packages"
category = "main"
optional = false
python-versions = ">=3.7"

[[package]]
name = "pandas"
version = "1.5.3"
description = "Powerful data structures for data analysis, time series, and statistics"
category = "main"
optional = false
python-versions = ">=3.8"

[package.dependencies]
numpy = [
    {version = ">=1.21.0", markers = "python_version >= \"3.10\""},
    {version = ">=1.23.2", markers = "python_version >= \"3.11\""},
]
python-dateutil = ">=2.8.1"
pytz = ">=2020.1"

[package.extras]
test = ["hypothesis (>=5.5.3)", "pytest (>=6.0)", "pytest-xdist (>=1.31)"]

[[package]]
name = "pandas-stubs"
version = "2.0.3.230814"
description = "Type annotations for pandas"
category = "main"
optional = false
python-versions = ">=3.8"

[package.dependencies]
numpy = {version = ">=1.25.0", markers = "python_version >= \"3.9\""}
types-pytz = ">=2022.1.1"

[[package]]
name = "parso"
version = "0.8.3"
description = "A Python Parser"
category = "dev"
optional = false
python-versions = ">=3.6"

[package.extras]
qa = ["flake8 (==3.8.3)", "mypy (==0.782)"]
testing = ["docopt", "pytest (<6.0.0)"]

[[package]]
name = "pexpect"
version = "4.8.0"
description = "Pexpect allows easy control of interactive console applications."
category = "dev"
optional = false
python-versions = "*"

[package.dependencies]
ptyprocess = ">=0.5"

[[package]]
name = "pickleshare"
version = "0.7.5"
description = "Tiny 'shelve'-like database with concurrency support"
category = "dev"
optional = false
python-versions = "*"

[[package]]
name = "pillow"
version = "10.0.1"
description = "Python Imaging Library (Fork)"
category = "main"
optional = false
python-versions = ">=3.8"

[package.extras]
docs = ["furo", "olefile", "sphinx (>=2.4)", "sphinx-copybutton", "sphinx-inline-tabs", "sphinx-removed-in", "sphinxext-opengraph"]
tests = ["check-manifest", "coverage", "defusedxml", "markdown2", "olefile", "packaging", "pyroma", "pytest", "pytest-cov", "pytest-timeout"]

[[package]]
name = "plotly"
version = "5.17.0"
description = "An open-source, interactive data visualization library for Python"
category = "main"
optional = false
python-versions = ">=3.6"

[package.dependencies]
packaging = "*"
tenacity = ">=6.2.0"

[[package]]
name = "pluggy"
version = "1.3.0"
description = "plugin and hook calling mechanisms for python"
category = "dev"
optional = false
python-versions = ">=3.8"

[package.extras]
dev = ["pre-commit", "tox"]
testing = ["pytest", "pytest-benchmark"]

[[package]]
name = "polars"
version = "0.19.15"
description = "Blazingly fast DataFrame library"
category = "main"
optional = false
python-versions = ">=3.8"

[package.extras]
adbc = ["adbc-driver-sqlite"]
cloudpickle = ["cloudpickle"]
connectorx = ["connectorx (>=0.3.2)"]
deltalake = ["deltalake (>=0.13.0)"]
fsspec = ["fsspec"]
gevent = ["gevent"]
matplotlib = ["matplotlib"]
numpy = ["numpy (>=1.16.0)"]
openpyxl = ["openpyxl (>=3.0.0)"]
pandas = ["pyarrow (>=7.0.0)", "pandas"]
pyarrow = ["pyarrow (>=7.0.0)"]
pydantic = ["pydantic"]
pyiceberg = ["pyiceberg (>=0.5.0)"]
pyxlsb = ["pyxlsb (>=1.0)"]
sqlalchemy = ["sqlalchemy", "pandas"]
timezone = ["backports.zoneinfo", "tzdata"]
xlsx2csv = ["xlsx2csv (>=0.8.0)"]
xlsxwriter = ["xlsxwriter"]
all = ["polars"]

[[package]]
name = "prompt-toolkit"
version = "3.0.39"
description = "Library for building powerful interactive command lines in Python"
category = "dev"
optional = false
python-versions = ">=3.7.0"

[package.dependencies]
wcwidth = "*"

[[package]]
name = "protobuf"
version = "4.24.3"
description = ""
category = "main"
optional = false
python-versions = ">=3.7"

[[package]]
name = "ptyprocess"
version = "0.7.0"
description = "Run a subprocess in a pseudo terminal"
category = "dev"
optional = false
python-versions = "*"

[[package]]
name = "pure-eval"
version = "0.2.2"
description = "Safely evaluate AST nodes without side effects"
category = "dev"
optional = false
python-versions = "*"

[package.extras]
tests = ["pytest"]

[[package]]
name = "pyarrow"
version = "10.0.1"
description = "Python library for Apache Arrow"
category = "main"
optional = false
python-versions = ">=3.7"

[package.dependencies]
numpy = ">=1.16.6"

[[package]]
name = "pycparser"
version = "2.21"
description = "C parser in Python"
category = "main"
optional = false
python-versions = ">=2.7, !=3.0.*, !=3.1.*, !=3.2.*, !=3.3.*"

[[package]]
name = "pycryptodomex"
version = "3.19.0"
description = "Cryptographic library for Python"
category = "main"
optional = false
python-versions = ">=2.7, !=3.0.*, !=3.1.*, !=3.2.*, !=3.3.*, !=3.4.*"

[[package]]
name = "pydantic"
version = "2.3.0"
description = "Data validation using Python type hints"
category = "main"
optional = false
python-versions = ">=3.7"

[package.dependencies]
annotated-types = ">=0.4.0"
pydantic-core = "2.6.3"
typing-extensions = ">=4.6.1"

[package.extras]
email = ["email-validator (>=2.0.0)"]

[[package]]
name = "pydantic-core"
version = "2.6.3"
description = ""
category = "main"
optional = false
python-versions = ">=3.7"

[package.dependencies]
typing-extensions = ">=4.6.0,<4.7.0 || >4.7.0"

[[package]]
name = "pydeck"
version = "0.8.1b0"
description = "Widget for deck.gl maps"
category = "main"
optional = false
python-versions = ">=3.7"

[package.dependencies]
jinja2 = ">=2.10.1"
numpy = ">=1.16.4"

[package.extras]
carto = ["pydeck-carto"]
jupyter = ["ipywidgets (>=7,<8)", "traitlets (>=4.3.2)", "ipython (>=5.8.0)", "ipykernel (>=5.1.2)"]

[[package]]
name = "pygments"
version = "2.16.1"
description = "Pygments is a syntax highlighting package written in Python."
category = "main"
optional = false
python-versions = ">=3.7"

[package.extras]
plugins = ["importlib-metadata"]

[[package]]
name = "pyjwt"
version = "2.8.0"
description = "JSON Web Token implementation in Python"
category = "main"
optional = false
python-versions = ">=3.7"

[package.extras]
crypto = ["cryptography (>=3.4.0)"]
dev = ["sphinx (>=4.5.0,<5.0.0)", "sphinx-rtd-theme", "zope.interface", "cryptography (>=3.4.0)", "pytest (>=6.0.0,<7.0.0)", "coverage[toml] (==5.0.4)", "pre-commit"]
docs = ["sphinx (>=4.5.0,<5.0.0)", "sphinx-rtd-theme", "zope.interface"]
tests = ["pytest (>=6.0.0,<7.0.0)", "coverage[toml] (==5.0.4)"]

[[package]]
name = "pyopenssl"
version = "23.2.0"
description = "Python wrapper module around the OpenSSL library"
category = "main"
optional = false
python-versions = ">=3.6"

[package.dependencies]
cryptography = ">=38.0.0,<40.0.0 || >40.0.0,<40.0.1 || >40.0.1,<42"

[package.extras]
docs = ["sphinx (!=5.2.0,!=5.2.0.post0)", "sphinx-rtd-theme"]
test = ["flaky", "pretend", "pytest (>=3.0.1)"]

[[package]]
name = "pyparsing"
version = "3.1.1"
description = "pyparsing module - Classes and methods to define and execute parsing grammars"
category = "main"
optional = false
python-versions = ">=3.6.8"

[package.extras]
diagrams = ["railroad-diagrams", "jinja2"]

[[package]]
name = "pytest"
version = "7.4.2"
description = "pytest: simple powerful testing with Python"
category = "dev"
optional = false
python-versions = ">=3.7"

[package.dependencies]
colorama = {version = "*", markers = "sys_platform == \"win32\""}
exceptiongroup = {version = ">=1.0.0rc8", markers = "python_version < \"3.11\""}
iniconfig = "*"
packaging = "*"
pluggy = ">=0.12,<2.0"
tomli = {version = ">=1.0.0", markers = "python_version < \"3.11\""}

[package.extras]
testing = ["argcomplete", "attrs (>=19.2.0)", "hypothesis (>=3.56)", "mock", "nose", "pygments (>=2.7.2)", "requests", "setuptools", "xmlschema"]

[[package]]
name = "python-dateutil"
version = "2.8.2"
description = "Extensions to the standard Python datetime module"
category = "main"
optional = false
python-versions = "!=3.0.*,!=3.1.*,!=3.2.*,>=2.7"

[package.dependencies]
six = ">=1.5"

[[package]]
name = "pytz"
version = "2023.3.post1"
description = "World timezone definitions, modern and historical"
category = "main"
optional = false
python-versions = "*"

[[package]]
name = "pyyaml"
version = "6.0.1"
description = "YAML parser and emitter for Python"
category = "main"
optional = false
python-versions = ">=3.6"

[[package]]
name = "referencing"
version = "0.30.2"
description = "JSON Referencing + Python"
category = "main"
optional = false
python-versions = ">=3.8"

[package.dependencies]
attrs = ">=22.2.0"
rpds-py = ">=0.7.0"

[[package]]
name = "regex"
version = "2023.10.3"
description = "Alternative regular expression module, to replace re."
category = "main"
optional = false
python-versions = ">=3.7"

[[package]]
name = "requests"
version = "2.31.0"
description = "Python HTTP for Humans."
category = "main"
optional = false
python-versions = ">=3.7"

[package.dependencies]
certifi = ">=2017.4.17"
charset-normalizer = ">=2,<4"
idna = ">=2.5,<4"
urllib3 = ">=1.21.1,<3"

[package.extras]
socks = ["PySocks (>=1.5.6,!=1.5.7)"]
use_chardet_on_py3 = ["chardet (>=3.0.2,<6)"]

[[package]]
name = "rich"
version = "13.6.0"
description = "Render rich text, tables, progress bars, syntax highlighting, markdown and more to the terminal"
category = "main"
optional = false
python-versions = ">=3.7.0"

[package.dependencies]
markdown-it-py = ">=2.2.0"
pygments = ">=2.13.0,<3.0.0"

[package.extras]
jupyter = ["ipywidgets (>=7.5.1,<9)"]

[[package]]
name = "rpds-py"
version = "0.10.3"
description = "Python bindings to Rust's persistent data structures (rpds)"
category = "main"
optional = false
python-versions = ">=3.8"

[[package]]
name = "scikit-learn"
version = "1.3.2"
description = "A set of python modules for machine learning and data mining"
category = "main"
optional = false
python-versions = ">=3.8"

[package.dependencies]
joblib = ">=1.1.1"
numpy = ">=1.17.3,<2.0"
scipy = ">=1.5.0"
threadpoolctl = ">=2.0.0"

[package.extras]
benchmark = ["matplotlib (>=3.1.3)", "pandas (>=1.0.5)", "memory-profiler (>=0.57.0)"]
docs = ["matplotlib (>=3.1.3)", "scikit-image (>=0.16.2)", "pandas (>=1.0.5)", "seaborn (>=0.9.0)", "memory-profiler (>=0.57.0)", "sphinx (>=6.0.0)", "sphinx-copybutton (>=0.5.2)", "sphinx-gallery (>=0.10.1)", "numpydoc (>=1.2.0)", "Pillow (>=7.1.2)", "pooch (>=1.6.0)", "sphinx-prompt (>=1.3.0)", "sphinxext-opengraph (>=0.4.2)", "plotly (>=5.14.0)"]
examples = ["matplotlib (>=3.1.3)", "scikit-image (>=0.16.2)", "pandas (>=1.0.5)", "seaborn (>=0.9.0)", "pooch (>=1.6.0)", "plotly (>=5.14.0)"]
tests = ["matplotlib (>=3.1.3)", "scikit-image (>=0.16.2)", "pandas (>=1.0.5)", "pytest (>=7.1.2)", "pytest-cov (>=2.9.0)", "ruff (>=0.0.272)", "black (>=23.3.0)", "mypy (>=1.3)", "pyamg (>=4.0.0)", "numpydoc (>=1.2.0)", "pooch (>=1.6.0)"]

[[package]]
name = "scipy"
version = "1.9.3"
description = "Fundamental algorithms for scientific computing in Python"
category = "main"
optional = false
python-versions = ">=3.8"

[package.dependencies]
numpy = ">=1.18.5,<1.26.0"

[package.extras]
test = ["pytest", "pytest-cov", "pytest-xdist", "asv", "mpmath", "gmpy2", "threadpoolctl", "scikit-umfpack"]
doc = ["sphinx (!=4.1.0)", "pydata-sphinx-theme (==0.9.0)", "sphinx-panels (>=0.5.2)", "matplotlib (>2)", "numpydoc", "sphinx-tabs"]
dev = ["mypy", "typing-extensions", "pycodestyle", "flake8"]

[[package]]
name = "setuptools-scm"
version = "8.0.3"
description = "the blessed package to manage your versions by scm tags"
category = "main"
optional = false
python-versions = ">=3.8"

[package.dependencies]
packaging = ">=20"
tomli = {version = ">=1", markers = "python_version < \"3.11\""}
typing-extensions = {version = "*", markers = "python_version < \"3.11\""}

[package.extras]
docs = ["entangled-cli", "mkdocs", "mkdocs-entangled-plugin", "mkdocs-material", "mkdocstrings", "pygments"]
rich = ["rich"]
test = ["pytest", "rich", "virtualenv (>20)"]

[[package]]
name = "six"
version = "1.16.0"
description = "Python 2 and 3 compatibility utilities"
category = "main"
optional = false
python-versions = ">=2.7, !=3.0.*, !=3.1.*, !=3.2.*"

[[package]]
name = "smmap"
version = "5.0.1"
description = "A pure Python implementation of a sliding window memory map manager"
category = "main"
optional = false
python-versions = ">=3.7"

[[package]]
name = "snowflake-connector-python"
version = "3.0.0"
description = "Snowflake Connector for Python"
category = "main"
optional = false
python-versions = ">=3.7"

[package.dependencies]
asn1crypto = ">0.24.0,<2.0.0"
certifi = ">=2017.4.17"
cffi = ">=1.9,<2.0.0"
charset-normalizer = ">=2,<3"
cryptography = ">=3.1.0,<41.0.0"
filelock = ">=3.5,<4"
idna = ">=2.5,<4"
oscrypto = "<2.0.0"
pycryptodomex = ">=3.2,<3.5.0 || >3.5.0,<4.0.0"
pyjwt = "<3.0.0"
pyOpenSSL = ">=16.2.0,<24.0.0"
pytz = "*"
requests = "<3.0.0"
typing-extensions = ">=4.3,<5"
urllib3 = ">=1.21.1,<1.27"

[package.extras]
development = ["cython", "coverage", "more-itertools", "numpy (<1.25.0)", "pendulum (!=2.1.1)", "pexpect", "pytest (<7.3.0)", "pytest-cov", "pytest-rerunfailures", "pytest-timeout", "pytest-xdist", "pytzdata"]
pandas = ["pandas (>=1.0.0,<1.6.0)", "pyarrow (>=10.0.1,<10.1.0)"]
secure-local-storage = ["keyring (!=16.1.0,<24.0.0)"]

[[package]]
name = "stack-data"
version = "0.6.3"
description = "Extract data from python stack frames and tracebacks for informative displays"
category = "dev"
optional = false
python-versions = "*"

[package.dependencies]
asttokens = ">=2.1.0"
executing = ">=1.2.0"
pure-eval = "*"

[package.extras]
tests = ["pytest", "typeguard", "pygments", "littleutils", "cython"]

[[package]]
name = "streamlit"
version = "1.27.1"
description = "A faster way to build and share data apps"
category = "main"
optional = false
python-versions = ">=3.8, !=3.9.7"

[package.dependencies]
altair = ">=4.0,<6"
blinker = ">=1.0.0,<2"
cachetools = ">=4.0,<6"
click = ">=7.0,<9"
gitpython = ">=3.0.7,<3.1.19 || >3.1.19,<4"
importlib-metadata = ">=1.4,<7"
numpy = ">=1.19.3,<2"
packaging = ">=16.8,<24"
pandas = ">=1.3.0,<3"
pillow = ">=7.1.0,<11"
protobuf = ">=3.20,<5"
pyarrow = ">=6.0"
pydeck = ">=0.8.0b4,<1"
python-dateutil = ">=2.7.3,<3"
requests = ">=2.27,<3"
rich = ">=10.14.0,<14"
tenacity = ">=8.1.0,<9"
toml = ">=0.10.1,<2"
tornado = ">=6.0.3,<7"
typing-extensions = ">=4.1.0,<5"
tzlocal = ">=1.1,<6"
validators = ">=0.2,<1"
watchdog = {version = ">=2.1.5", markers = "platform_system != \"Darwin\""}

[package.extras]
snowflake = ["snowflake-snowpark-python"]

[[package]]
name = "tenacity"
version = "8.2.3"
description = "Retry code until it succeeds"
category = "main"
optional = false
python-versions = ">=3.7"

[package.extras]
doc = ["reno", "sphinx", "tornado (>=4.5)"]

[[package]]
name = "threadpoolctl"
version = "3.2.0"
description = "threadpoolctl"
category = "main"
optional = false
python-versions = ">=3.8"

[[package]]
name = "tiktoken"
version = "0.5.1"
description = "tiktoken is a fast BPE tokeniser for use with OpenAI's models"
category = "main"
optional = false
python-versions = ">=3.8"

[package.dependencies]
regex = ">=2022.1.18"
requests = ">=2.26.0"

[package.extras]
blobfile = ["blobfile (>=2)"]

[[package]]
name = "toml"
version = "0.10.2"
description = "Python Library for Tom's Obvious, Minimal Language"
category = "main"
optional = false
python-versions = ">=2.6, !=3.0.*, !=3.1.*, !=3.2.*"

[[package]]
name = "tomli"
version = "2.0.1"
description = "A lil' TOML parser"
category = "main"
optional = false
python-versions = ">=3.7"

[[package]]
name = "toolz"
version = "0.12.0"
description = "List processing tools and functional utilities"
category = "main"
optional = false
python-versions = ">=3.5"

[[package]]
name = "tornado"
version = "6.3.3"
description = "Tornado is a Python web framework and asynchronous networking library, originally developed at FriendFeed."
category = "main"
optional = false
python-versions = ">= 3.8"

[[package]]
name = "tqdm"
version = "4.66.1"
description = "Fast, Extensible Progress Meter"
category = "main"
optional = false
python-versions = ">=3.7"

[package.dependencies]
colorama = {version = "*", markers = "platform_system == \"Windows\""}

[package.extras]
dev = ["pytest (>=6)", "pytest-cov", "pytest-timeout", "pytest-xdist"]
notebook = ["ipywidgets (>=6)"]
slack = ["slack-sdk"]
telegram = ["requests"]

[[package]]
name = "traitlets"
version = "5.10.1"
description = "Traitlets Python configuration system"
category = "dev"
optional = false
python-versions = ">=3.8"

[package.extras]
docs = ["myst-parser", "pydata-sphinx-theme", "sphinx"]
test = ["argcomplete (>=3.0.3)", "mypy (>=1.5.1)", "pre-commit", "pytest-mock", "pytest-mypy-testing", "pytest (>=7.0,<7.5)"]

[[package]]
name = "types-pytz"
version = "2023.3.1.1"
description = "Typing stubs for pytz"
category = "main"
optional = false
python-versions = "*"

[[package]]
name = "typing-extensions"
version = "4.8.0"
description = "Backported and Experimental Type Hints for Python 3.8+"
category = "main"
optional = false
python-versions = ">=3.8"

[[package]]
name = "tzdata"
version = "2023.3"
description = "Provider of IANA time zone data"
category = "main"
optional = false
python-versions = ">=2"

[[package]]
name = "tzlocal"
version = "5.0.1"
description = "tzinfo object for the local timezone"
category = "main"
optional = false
python-versions = ">=3.7"

[package.dependencies]
tzdata = {version = "*", markers = "platform_system == \"Windows\""}

[package.extras]
devenv = ["black", "check-manifest", "flake8", "pyroma", "pytest-cov", "pytest-mock (>=3.3)", "pytest (>=4.3)", "zest.releaser"]

[[package]]
name = "urllib3"
version = "1.26.16"
description = "HTTP library with thread-safe connection pooling, file post, and more."
category = "main"
optional = false
python-versions = ">=2.7, !=3.0.*, !=3.1.*, !=3.2.*, !=3.3.*, !=3.4.*, !=3.5.*"

[package.extras]
brotli = ["brotlicffi (>=0.8.0)", "brotli (>=1.0.9)", "brotlipy (>=0.6.0)"]
secure = ["pyOpenSSL (>=0.14)", "cryptography (>=1.3.4)", "idna (>=2.0.0)", "certifi", "urllib3-secure-extra", "ipaddress"]
socks = ["PySocks (>=1.5.6,!=1.5.7,<2.0)"]

[[package]]
name = "validators"
version = "0.22.0"
description = "Python Data Validation for Humans™"
category = "main"
optional = false
python-versions = ">=3.8"

[package.extras]
docs-offline = ["myst-parser (>=2.0.0)", "pypandoc-binary (>=1.11)", "sphinx (>=7.1.1)"]
docs-online = ["mkdocs (>=1.5.2)", "mkdocs-git-revision-date-localized-plugin (>=1.2.0)", "mkdocs-material (>=9.2.6)", "mkdocstrings[python] (>=0.22.0)", "pyaml (>=23.7.0)"]
hooks = ["pre-commit (>=3.3.3)"]
package = ["build (>=1.0.0)", "twine (>=4.0.2)"]
runner = ["tox (>=4.11.1)"]
sast = ["bandit[toml] (>=1.7.5)"]
testing = ["pytest (>=7.4.0)"]
tooling = ["black (>=23.7.0)", "ruff (>=0.0.287)", "pyright (>=1.1.325)"]
tooling-extras = ["pyaml (>=23.7.0)", "pypandoc-binary (>=1.11)", "pytest (>=7.4.0)"]

[[package]]
name = "watchdog"
version = "3.0.0"
description = "Filesystem events monitoring"
category = "main"
optional = false
python-versions = ">=3.7"

[package.extras]
watchmedo = ["PyYAML (>=3.10)"]

[[package]]
name = "wcwidth"
version = "0.2.8"
description = "Measures the displayed width of unicode strings in a terminal"
category = "dev"
optional = false
python-versions = "*"

[[package]]
name = "xgboost"
version = "2.0.2"
description = "XGBoost Python Package"
category = "main"
optional = false
python-versions = ">=3.8"

[package.dependencies]
numpy = "*"
scipy = "*"

[package.extras]
dask = ["dask", "distributed", "pandas"]
datatable = ["datatable"]
pandas = ["pandas"]
plotting = ["graphviz", "matplotlib"]
pyspark = ["cloudpickle", "pyspark", "scikit-learn"]
scikit-learn = ["scikit-learn"]

[[package]]
name = "yarl"
version = "1.9.2"
description = "Yet another URL library"
category = "main"
optional = false
python-versions = ">=3.7"

[package.dependencies]
idna = ">=2.0"
multidict = ">=4.0"

[[package]]
name = "zipp"
version = "3.17.0"
description = "Backport of pathlib-compatible object wrapper for zip files"
category = "main"
optional = false
python-versions = ">=3.8"

[package.extras]
docs = ["sphinx (>=3.5)", "sphinx (<7.2.5)", "jaraco.packaging (>=9.3)", "rst.linker (>=1.9)", "furo", "sphinx-lint", "jaraco.tidelift (>=1.4)"]
testing = ["pytest (>=6)", "pytest-checkdocs (>=2.4)", "pytest-cov", "pytest-enabler (>=2.2)", "pytest-ruff", "jaraco.itertools", "jaraco.functools", "more-itertools", "big-o", "pytest-ignore-flaky", "pytest-black (>=0.3.7)", "pytest-mypy (>=0.9.1)"]

[metadata]
lock-version = "1.1"
python-versions = "^3.10"
content-hash = "6b8ef0c6a35eb26819ea7d2a5cc8a0ca8b1837a9969deb4fffe04053355c8844"

[metadata.files]
aiohttp = []
aiosignal = []
altair = []
annotated-types = []
appnope = []
asn1crypto = []
asttokens = []
async-timeout = []
attrs = []
backcall = []
blinker = []
cachetools = []
certifi = []
cffi = []
charset-normalizer = []
click = []
colorama = []
contourpy = []
cryptography = []
cycler = []
decorator = []
et-xmlfile = []
exceptiongroup = []
executing = []
filelock = []
fonttools = []
frozenlist = []
gitdb = []
gitpython = []
idna = []
importlib-metadata = []
iniconfig = []
ipython = []
jedi = []
jinja2 = []
joblib = []
jsonschema = []
jsonschema-specifications = []
kiwisolver = []
markdown-it-py = []
markupsafe = []
matplotlib = []
matplotlib-inline = []
mdurl = []
multidict = []
numpy = []
openai = []
openpyxl = []
oscrypto = []
packaging = []
pandas = []
pandas-stubs = []
parso = []
pexpect = []
pickleshare = []
pillow = []
plotly = []
pluggy = []
polars = []
prompt-toolkit = []
protobuf = []
ptyprocess = []
pure-eval = []
pyarrow = []
pycparser = []
pycryptodomex = []
pydantic = []
pydantic-core = []
pydeck = []
pygments = []
pyjwt = []
pyopenssl = []
pyparsing = []
pytest = []
python-dateutil = []
pytz = []
pyyaml = []
referencing = []
regex = []
requests = []
rich = []
rpds-py = []
scikit-learn = []
scipy = []
setuptools-scm = []
six = []
smmap = []
snowflake-connector-python = []
stack-data = []
streamlit = []
tenacity = []
threadpoolctl = []
tiktoken = []
toml = []
tomli = []
toolz = []
tornado = []
tqdm = []
traitlets = []
types-pytz = []
typing-extensions = []
tzdata = []
tzlocal = []
urllib3 = []
validators = []
watchdog = []
wcwidth = []
xgboost = []
yarl = []
zipp = []
